# This file was autogenerated by Stack.
# You should not edit this file by hand.
# For more information, please see the documentation at:
#   https://docs.haskellstack.org/en/stable/lock_files

packages:
- completed:
    hackage: emoji-0.1.0.2@sha256:d995572a5c7dcd28f98eb15c6e387a7b3bda1ac2477ab0d9dba8580d5d7b161f,1273
    pantry-tree:
      sha256: dd9ea90a631342e5db0fc21331ade4d563a685e9125d5a3989eefa8e1b96c6c6
      size: 437
  original:
    hackage: emoji-0.1.0.2
- completed:
    hackage: discord-haskell-1.16.1@sha256:bd4b03efc18b7682b0022daf2e0b1a3108362a691888a98a6be9a73a52cc0ef5,6510
    pantry-tree:
      sha256: 376bb5819a8aa8dbb393e070d31a09427cddb758f626b7ff7d39a6b45bcd8e14
      size: 3664
  original:
    hackage: discord-haskell-1.16.1
- completed:
    hackage: smtp-mail-0.5.0.0@sha256:e379788a4e649fa0c3233774501a103bc8c87f789ff4425c5282e4939fcc4b56,1468
    pantry-tree:
      sha256: 1c2b860c3fd60cf045daa7edbecbaa93523b67e283e05a991008c2dbe6ce370f
      size: 450
  original:
    hackage: smtp-mail-0.5.0.0
snapshots:
- completed:
    sha256: 08bd13ce621b41a8f5e51456b38d5b46d7783ce114a50ab604d6bbab0d002146
    size: 720271
    url: https://raw.githubusercontent.com/commercialhaskell/stackage-snapshots/master/lts/22/43.yaml
  original: lts-22.43
