# This file was autogenerated by Stack.
# You should not edit this file by hand.
# For more information, please see the documentation at:
#   https://docs.haskellstack.org/en/stable/lock_files

packages:
- completed:
    hackage: polysemy-plugin-0.2.5.2@sha256:649cea55749c38af841e9f3750ccf65be351e597f3085234e28e3491e78d1f78,3155
    pantry-tree:
      size: 1162
      sha256: 20b462f8095a8108ef4d920f0d494ba1299821403ad30169168f4b1968b06c2a
  original:
    hackage: polysemy-plugin-0.2.5.2
- completed:
    hackage: smtp-mail-0.3.0.0@sha256:2e6d9cb29d09a5a04d77a905eb1b570b94b5654e24d40630ea96aa374474c12f,1239
    pantry-tree:
      size: 450
      sha256: 4d319cb6c22b35ca043a83210cd09bfbf99eec3dca4945cd53ed5b7c96f7daca
  original:
    hackage: smtp-mail-0.3.0.0
snapshots:
- completed:
    size: 534126
    url: https://raw.githubusercontent.com/commercialhaskell/stackage-snapshots/master/lts/16/31.yaml
    sha256: 637fb77049b25560622a224845b7acfe81a09fdb6a96a3c75997a10b651667f6
  original: lts-16.31
